PackratFormat: 1.4
PackratVersion: 0.5.0
RVersion: 3.5.2
Repos: CRAN=https://cran.rstudio.com/

Package: BH
Source: CRAN
Version: 1.69.0-1
Hash: 15f597ed227897f4f793b6161260f4b9

Package: DBI
Source: CRAN
Version: 1.0.0
Hash: 6abedd7919c4457604c0aa44529a6683

Package: ISOcodes
Source: CRAN
Version: 2019.02.13
Hash: ab86d13be2614fc3673e5dd0a11e8da7

Package: MASS
Source: CRAN
Version: 7.3-51.1
Hash: af8e6922880d7f071829628198cc3f13

Package: Matrix
Source: CRAN
Version: 1.2-16
Hash: d4e0c2ad610f5aed20266d6b63ebbe15
Requires: lattice

Package: NLP
Source: CRAN
Version: 0.2-0
Hash: 660c32b070874e08a4d2abaeb3e82443

Package: R6
Source: CRAN
Version: 2.4.0
Hash: 948a547c484e5bea15eee76cc53cce3f

Package: RColorBrewer
Source: CRAN
Version: 1.1-2
Hash: c0d56cd15034f395874c870141870c25

Package: Rcpp
Source: CRAN
Version: 1.0.1
Hash: 390ed5b5da840cec3e6f5c90c6ab23f7

Package: RcppEigen
Source: CRAN
Version: 0.3.3.5.0
Hash: 0abe558c252854b26620fe1b5e884ece
Requires: Matrix, Rcpp

Package: Rmpfr
Source: CRAN
Version: 0.7-2
Hash: b3fb03f8189ac23f81083378643d5ab1
Requires: gmp

Package: SnowballC
Source: CRAN
Version: 0.6.0
Hash: 25360cd330d44fc61d12f127d83b991a

Package: askpass
Source: CRAN
Version: 1.1
Hash: 6f6c430e3cd0dd7d48f447700f4d7e7f
Requires: sys

Package: assertthat
Source: CRAN
Version: 0.2.0
Hash: e8805df54c65ac96d50235c44a82615c

Package: backports
Source: CRAN
Version: 1.1.3
Hash: a0b8191e6bd2fe71aadd4678bb8f3c98

Package: base64enc
Source: CRAN
Version: 0.1-3
Hash: c590d29e555926af053055e23ee79efb

Package: bit
Source: CRAN
Version: 1.1-14
Hash: 704eb98fa9be263c95d00df4b2a448dd

Package: bit64
Source: CRAN
Version: 0.9-7
Hash: 4b195615d19ba49c114eb04e09e30a96
Requires: bit

Package: broom
Source: CRAN
Version: 0.5.1
Hash: f170bc989c523e039487511e87c1854f
Requires: backports, dplyr, generics, nlme, purrr, reshape2, stringr,
    tibble, tidyr

Package: cli
Source: CRAN
Version: 1.1.0
Hash: bc4e54014c2049f2605ad0c3ba0cce6b
Requires: assertthat, crayon

Package: colorspace
Source: CRAN
Version: 1.4-1
Hash: 60a56e9998b8b58ee378db3dc91b27a5

Package: crayon
Source: CRAN
Version: 1.3.4
Hash: ff2840dd9b0d563fc80377a5a45510cd

Package: curl
Source: CRAN
Version: 3.3
Hash: b201f64e6e1469e8a3571c746ffa9059

Package: digest
Source: CRAN
Version: 0.6.18
Hash: 65f62365ec69ddd17230d2ffe891a6ab

Package: dplyr
Source: CRAN
Version: 0.8.0.1
Hash: 61622995e32970a772e895bec2b4a305
Requires: BH, R6, Rcpp, assertthat, glue, magrittr, pkgconfig, plogr,
    rlang, tibble, tidyselect

Package: evaluate
Source: CRAN
Version: 0.13
Hash: 1853557a0ea0db2daebf597c7ce58d70

Package: fansi
Source: CRAN
Version: 0.4.0
Hash: f147621f72b561485bfffcae78c4f5d5

Package: farver
Source: CRAN
Version: 1.1.0
Hash: eb65d2529ed50b0c37a963e281e48746
Requires: Rcpp

Package: generics
Source: CRAN
Version: 0.0.2
Hash: 4aaf002dd434e8c854611c5d11a1d58e

Package: ggforce
Source: CRAN
Version: 0.2.1
Hash: 4c212399e0e8c53215dc6e0c29931b4f
Requires: MASS, Rcpp, RcppEigen, ggplot2, gtable, polyclip, rlang,
    scales, tweenr

Package: ggplot2
Source: CRAN
Version: 3.1.0
Hash: ef541b05dda10b209d509b5bbaf46ea3
Requires: MASS, digest, gtable, lazyeval, mgcv, plyr, reshape2, rlang,
    scales, tibble, viridisLite, withr

Package: ggraph
Source: CRAN
Version: 1.0.2
Hash: e5c9cac7cba2a97aa09c55883462a1c8
Requires: MASS, Rcpp, digest, dplyr, ggforce, ggplot2, ggrepel, gtable,
    igraph, plyr, scales, viridis

Package: ggrepel
Source: CRAN
Version: 0.8.0
Hash: b977c68ba9dce6f1e44831a53b9c93fd
Requires: Rcpp, ggplot2, scales

Package: glue
Source: CRAN
Version: 1.3.1
Hash: 660bbbe3803c7cf7c9489a7d99a9c0ed

Package: gmp
Source: CRAN
Version: 0.5-13.5
Hash: 2ac5e6cfeeffd190979b998908b0bdca

Package: gridExtra
Source: CRAN
Version: 2.3
Hash: fa977bc1aab5588a08123b10ceb1ad3d
Requires: gtable

Package: gtable
Source: CRAN
Version: 0.2.0
Hash: cd78381a9d3fea966ac39bd0daaf5554

Package: highr
Source: CRAN
Version: 0.7
Hash: 20757f5c393ed0ecf96c9e8e6d8d514c

Package: htmltools
Source: CRAN
Version: 0.3.6
Hash: ef5869fcbca46a9551ce5b78954a6c2e
Requires: Rcpp, digest

Package: httr
Source: CRAN
Version: 1.4.0
Hash: 62d62d3ffcc9a34411b6e35a813f72dd
Requires: R6, curl, jsonlite, mime, openssl

Package: hunspell
Source: CRAN
Version: 3.0
Hash: 8911d81ced4a99d8515618ed0a9a31e3
Requires: Rcpp, digest

Package: igraph
Source: CRAN
Version: 1.2.4
Hash: cfd61842ae5c3055c7b56731f6c9cfac
Requires: Matrix, magrittr, pkgconfig

Package: janeaustenr
Source: CRAN
Version: 0.1.5
Hash: fa8163788aa6d49b17bf9bf517d5771e

Package: jsonlite
Source: CRAN
Version: 1.6
Hash: 5f969e213e966135393e3e304abf3f49

Package: knitr
Source: CRAN
Version: 1.22
Hash: d7581079d36fa69f84ff721384355734
Requires: evaluate, highr, markdown, stringr, xfun, yaml

Package: labeling
Source: CRAN
Version: 0.3
Hash: ecf589b42cd284b03a4beb9665482d3e

Package: lattice
Source: CRAN
Version: 0.20-38
Hash: 45211081d39bb6d5a89fd789105901aa

Package: lazyeval
Source: CRAN
Version: 0.2.2
Hash: 563563691bea3cde6945a98996d7c166

Package: ldatuning
Source: CRAN
Version: 0.2.0
Hash: b80243b0598a390f60f2bc2f8603b925
Requires: Rmpfr, ggplot2, reshape2, scales, slam, topicmodels

Package: lubridate
Source: CRAN
Version: 1.7.4
Hash: 3206e6df69af4462c2c17c0e207f79a3
Requires: Rcpp, stringr

Package: magrittr
Source: CRAN
Version: 1.5
Hash: bdc4d48c3135e8f3b399536ddf160df4

Package: maps
Source: CRAN
Version: 3.3.0
Hash: 0815ed94aca05c7aeb177ebddd4ee23b

Package: markdown
Source: CRAN
Version: 0.9
Hash: 730f688930cef3223d59bd8aef679ab9
Requires: mime

Package: mgcv
Source: CRAN
Version: 1.8-27
Hash: ea84e8ca58f9b2dc99be628600f470d1
Requires: Matrix, nlme

Package: mime
Source: CRAN
Version: 0.6
Hash: 2ed8f98b8284ad733f3907fc6e2f1334

Package: modeltools
Source: CRAN
Version: 0.2-22
Hash: d819844577b29fad9a92761fd30fe45a

Package: munsell
Source: CRAN
Version: 0.5.0
Hash: 38d0efee9bb99bef143bde41c4ce715c
Requires: colorspace

Package: nlme
Source: CRAN
Version: 3.1-137
Hash: 6166071071587a867cbe534e84fc5c0c
Requires: lattice

Package: openssl
Source: CRAN
Version: 1.2.2
Hash: 539a2d62e62212923ceabe379f20502a
Requires: askpass

Package: packrat
Source: CRAN
Version: 0.5.0
Hash: 498643e765d1442ba7b1160a1df3abf9

Package: pillar
Source: CRAN
Version: 1.3.1
Hash: 9ed4c2a5d3047bfba3e852ad5e806d91
Requires: cli, crayon, fansi, rlang, utf8

Package: pkgconfig
Source: CRAN
Version: 2.0.2
Hash: b0fd6ed908e150b77e5f00c6478bd58c

Package: plogr
Source: CRAN
Version: 0.2.0
Hash: 81a8008a5e7858552503935f1abe48aa

Package: plyr
Source: CRAN
Version: 1.8.4
Hash: 0ff259c7e21ac20a124869520e209d9f
Requires: Rcpp

Package: polyclip
Source: CRAN
Version: 1.10-0
Hash: 8291818c2ccc3848dd74ed475da58174

Package: praise
Source: CRAN
Version: 1.0.0
Hash: 77da8f1df873a4b91e5c4a68fe2fb1b6

Package: purrr
Source: CRAN
Version: 0.3.2
Hash: d7bb7f62bb3af2d6510f50cb7190a060
Requires: magrittr, rlang

Package: reshape2
Source: CRAN
Version: 1.4.3
Hash: 1331df4206d0207838eff5d4324f5919
Requires: Rcpp, plyr, stringr

Package: rjson
Source: CRAN
Version: 0.2.20
Hash: 44ee331003bf03b92e97b3089461dd2f

Package: rlang
Source: CRAN
Version: 0.3.1
Hash: 1176a91e0c23d4fc8f48bc5704a6f826

Package: rmarkdown
Source: CRAN
Version: 1.12
Hash: 241424e590a32decf6e9f0cd32a5760b
Requires: base64enc, evaluate, htmltools, jsonlite, knitr, mime,
    stringr, tinytex, yaml

Package: scales
Source: CRAN
Version: 1.0.0
Hash: f1b117e6daa2bdfa11cc671133d8bdd4
Requires: R6, RColorBrewer, Rcpp, labeling, munsell, viridisLite

Package: slam
Source: CRAN
Version: 0.1-45
Hash: 853ab9e3d2ffa5f655ab1d3696c941c3

Package: stopwords
Source: CRAN
Version: 0.9.0
Hash: 6708e39521b45cb06198e74ea14da533
Requires: ISOcodes

Package: stringi
Source: CRAN
Version: 1.4.3
Hash: ed2a82fc7cc668c1345223d938cdfaf2

Package: stringr
Source: CRAN
Version: 1.4.0
Hash: 67da32dbb2a7a16f2ef124336358e54a
Requires: glue, magrittr, stringi

Package: sys
Source: CRAN
Version: 3.1
Hash: dc2a997b1b9a2d3f9c234491153cb951

Package: testthat
Source: CRAN
Version: 2.0.1
Hash: 777eb6e94f5a62bf6320fecf0175bbbb
Requires: R6, cli, crayon, digest, magrittr, praise, rlang, withr

Package: tibble
Source: CRAN
Version: 2.1.1
Hash: e9d844f966bd4d40556b50c3b2239646
Requires: cli, crayon, fansi, pillar, pkgconfig, rlang

Package: tidyr
Source: CRAN
Version: 0.8.3
Hash: abb47affef711a0d4965f25cfdeb4df0
Requires: Rcpp, dplyr, glue, magrittr, purrr, rlang, stringi, tibble,
    tidyselect

Package: tidyselect
Source: CRAN
Version: 0.2.5
Hash: ce32c88efe672d565819caa17238b04c
Requires: Rcpp, glue, purrr, rlang

Package: tidytext
Source: CRAN
Version: 0.2.0
Hash: 35f1eb284802459144c6805a6e55ee07
Requires: Matrix, broom, dplyr, hunspell, janeaustenr, purrr, rlang,
    stopwords, stringr, tokenizers

Package: tinytex
Source: CRAN
Version: 0.11
Hash: bcda6d10711135ce9ec0243bd2fb9d6c
Requires: xfun

Package: tm
Source: CRAN
Version: 0.7-6
Hash: afa9bb640574fd60275e7c3754c1ff5f
Requires: BH, NLP, Rcpp, slam, xml2

Package: tokenizers
Source: CRAN
Version: 0.2.1
Hash: deb0c3aa108f17f0c0f3213088cfd9d2
Requires: Rcpp, SnowballC, stringi

Package: topicmodels
Source: CRAN
Version: 0.2-8
Hash: 3f0008f476cd10d4b6971598088562f0
Requires: modeltools, slam, tm

Package: tweenr
Source: CRAN
Version: 1.0.1
Hash: 164febb6e293bac91ab436f42f049a48
Requires: Rcpp, farver, magrittr, rlang

Package: twitteR
Source: CRAN
Version: 1.1.9
Hash: 494835cf1d1ed474231ad11a7dde1adb
Requires: DBI, bit64, httr, rjson

Package: utf8
Source: CRAN
Version: 1.1.4
Hash: f3f97ce59092abc8ed3fd098a59e236c

Package: viridis
Source: CRAN
Version: 0.5.1
Hash: 39edaec2078b4fc928afb73cc1ce6625
Requires: ggplot2, gridExtra, viridisLite

Package: viridisLite
Source: CRAN
Version: 0.3.0
Hash: 78bb072c4f9e729a283d4c40ec93f9c6

Package: widyr
Source: CRAN
Version: 0.1.1
Hash: 3bbacf69e7ea4283db67de01470e7545
Requires: Matrix, broom, dplyr, purrr, reshape2, tidyr, tidytext

Package: withr
Source: CRAN
Version: 2.1.2
Hash: d534108bcd5f34ec73e9eb523751ba20

Package: xfun
Source: CRAN
Version: 0.5
Hash: 384622a18a85624029dec83d26e588a6

Package: xml2
Source: CRAN
Version: 1.2.0
Hash: 6e643a368e9748966b96332eaa631411
Requires: Rcpp

Package: yaml
Source: CRAN
Version: 2.2.0
Hash: a5ad5616d83d89f8d84cbf3cf4034e13
